
Microsoft Visual Studio Solution File, Format Version 12.00
# Visual Studio Version 17
VisualStudioVersion = 17.9.34728.123
MinimumVisualStudioVersion = 10.0.40219.1
Project("{FAE04EC0-301F-11D3-BF4B-00C04F79EFBC}") = "LicoreriaTom", "LicoreriaTom.csproj", "{58C8C6F8-CAD4-4C64-95E0-E26EDE88435A}"
EndProject
Global
	GlobalSection(SolutionConfigurationPlatforms) = preSolution
		Debug|Any CPU = Debug|Any CPU
		Release|Any CPU = Release|Any CPU
	EndGlobalSection
	GlobalSection(ProjectConfigurationPlatforms) = postSolution
		{58C8C6F8-CAD4-4C64-95E0-E26EDE88435A}.Debug|Any CPU.ActiveCfg = Debug|Any CPU
		{58C8C6F8-CAD4-4C64-95E0-E26EDE88435A}.Debug|Any CPU.Build.0 = Debug|Any CPU
		{58C8C6F8-CAD4-4C64-95E0-E26EDE88435A}.Release|Any CPU.ActiveCfg = Release|Any CPU
		{58C8C6F8-CAD4-4C64-95E0-E26EDE88435A}.Release|Any CPU.Build.0 = Release|Any CPU
	EndGlobalSection
	GlobalSection(SolutionProperties) = preSolution
		HideSolutionNode = FALSE
	EndGlobalSection
	GlobalSection(ExtensibilityGlobals) = postSolution
		SolutionGuid = {BBA16543-3B37-40D4-AE34-2A74FA7183CF}
	EndGlobalSection
EndGlobal
